PODS:
  - OnePointOnlineFramework (0.1.0)

DEPENDENCIES:
  - OnePointOnlineFramework (from `../`)

EXTERNAL SOURCES:
  OnePointOnlineFramework:
    :path: ../

SPEC CHECKSUMS:
  OnePointOnlineFramework: 90c5578059c44e38505bf2436aa7ba1993091fcd

PODFILE CHECKSUM: e002e2074054151c0e3d7049fcce0d18ff951b0b

COCOAPODS: 1.3.1
